{
  "version": 4,
  "terraform_version": "1.3.2",
  "serial": 44,
  "lineage": "6be2ca4b-ffb1-246a-bab7-4313ac320012",
  "outputs": {},
  "resources": [
    {
      "mode": "data",
      "type": "digitalocean_ssh_key",
      "name": "ssh_key",
      "provider": "provider[\"registry.terraform.io/digitalocean/digitalocean\"]",
      "instances": [
        {
          "schema_version": 0,
          "attributes": {
            "fingerprint": "55:07:ac:52:1e:3b:c8:28:79:06:92:81:83:3c:21:05",
            "id": 36533028,
            "name": "aula-devops",
            "public_key": "ssh-rsa AAAAB3NzaC1yc2EAAAADAQABAAABgQDAKkV4OVwiIZjlR8uGeUMDQN5t3GW4SF86SW7jgI2Wb9kPwALha3qGRKsNVR3uiXmLxRqjFz6vlzkwpURwmKStFNMBSptV4RX/5pULDgnWS6UkBI/fwtWBwbjXs4xd7jUn+YIF5cCvpaNDQ+lCyRbKCTQOh0cWptfZAwSqMu7DIEsqqHpUXDF6a2yYN0rfen4/mpGzj1/M9DxUCRUGo21IjgKOja7jtMyPEzIrlMxCXmLmSdLVxmjRGk9pXkf7gxpXR5nG3lQ+wfY9rA8oy/9HfXWGezsIkfr24svY6KanLhhYmxCDXOope96fGNJrVSk4Tsg80jHfVHmYG580JKKUlNmTccPzuwUGW0ogwAxrmg5vgs6Ay4lcF1PAkSsCVVTJHj+AZHDZl7RaQslbGy95eljiMp1fSEIpW7SoMX+WZd1e1Rgm2Z6QLM/EOgSy/DC1UT2Oen8mnHyK3NWVh6O/qSlnndZIGYs1e3VE2XJ3FQO+8wgXl0UKmCtZsiZyX50= sofia@LAPTOP-KHKS11RQ"
          },
          "sensitive_attributes": []
        }
      ]
    },
    {
      "mode": "managed",
      "type": "digitalocean_droplet",
      "name": "jenkins",
      "provider": "provider[\"registry.terraform.io/digitalocean/digitalocean\"]",
      "instances": [
        {
          "schema_version": 1,
          "attributes": {
            "backups": false,
            "created_at": "2022-10-20T03:55:54Z",
            "disk": 60,
            "droplet_agent": null,
            "graceful_shutdown": false,
            "id": "321941935",
            "image": "ubuntu-22-04-x64",
            "ipv4_address": "143.244.156.5",
            "ipv4_address_private": "10.116.0.2",
            "ipv6": false,
            "ipv6_address": "",
            "locked": false,
            "memory": 2048,
            "monitoring": false,
            "name": "jenkins",
            "price_hourly": 0.02679,
            "price_monthly": 18,
            "private_networking": true,
            "region": "nyc1",
            "resize_disk": true,
            "size": "s-2vcpu-2gb",
            "ssh_keys": [
              "36533028"
            ],
            "status": "active",
            "tags": null,
            "timeouts": null,
            "urn": "do:droplet:321941935",
            "user_data": null,
            "vcpus": 2,
            "volume_ids": [],
            "vpc_uuid": "bebb6948-fafb-4eed-a776-a6c9379b7fe8"
          },
          "sensitive_attributes": [],
          "private": "eyJlMmJmYjczMC1lY2FhLTExZTYtOGY4OC0zNDM2M2JjN2M0YzAiOnsiY3JlYXRlIjozNjAwMDAwMDAwMDAwLCJkZWxldGUiOjYwMDAwMDAwMDAwLCJ1cGRhdGUiOjM2MDAwMDAwMDAwMDB9LCJzY2hlbWFfdmVyc2lvbiI6IjEifQ==",
          "dependencies": [
            "data.digitalocean_ssh_key.ssh_key"
          ]
        }
      ]
    },
    {
      "mode": "managed",
      "type": "digitalocean_kubernetes_cluster",
      "name": "k8s",
      "provider": "provider[\"registry.terraform.io/digitalocean/digitalocean\"]",
      "instances": []
    },
    {
      "mode": "managed",
      "type": "local_file",
      "name": "kube_config",
      "provider": "provider[\"registry.terraform.io/hashicorp/local\"]",
      "instances": []
    }
  ],
  "check_results": null
}
